
Microsoft Visual Studio Solution File, Format Version 12.00
# Visual Studio Version 16
VisualStudioVersion = 16.0.30503.244
MinimumVisualStudioVersion = 10.0.40219.1
Project("{FAE04EC0-301F-11D3-BF4B-00C04F79EFBC}") = "week10Task", "week10Task\week10Task.csproj", "{9421F64C-1D89-4D80-A2D5-615EAF9805C3}"
EndProject
Global
	GlobalSection(SolutionConfigurationPlatforms) = preSolution
		Debug|Any CPU = Debug|Any CPU
		Release|Any CPU = Release|Any CPU
	EndGlobalSection
	GlobalSection(ProjectConfigurationPlatforms) = postSolution
		{9421F64C-1D89-4D80-A2D5-615EAF9805C3}.Debug|Any CPU.ActiveCfg = Debug|Any CPU
		{9421F64C-1D89-4D80-A2D5-615EAF9805C3}.Debug|Any CPU.Build.0 = Debug|Any CPU
		{9421F64C-1D89-4D80-A2D5-615EAF9805C3}.Release|Any CPU.ActiveCfg = Release|Any CPU
		{9421F64C-1D89-4D80-A2D5-615EAF9805C3}.Release|Any CPU.Build.0 = Release|Any CPU
	EndGlobalSection
	GlobalSection(SolutionProperties) = preSolution
		HideSolutionNode = FALSE
	EndGlobalSection
	GlobalSection(ExtensibilityGlobals) = postSolution
		SolutionGuid = {FE9804E4-FD62-4412-A6CB-75C976C5D225}
	EndGlobalSection
EndGlobal
